{
  "name": "extensions",
  "lockfileVersion": 3,
  "requires": true,
  "packages": {
    "": {
      "dependencies": {
        "tushare-openclaw": "file:../../文档/xwechat_files/wxid_x8w4m8hyofx822_62f3/msg/file/2026-03/tushare-openclaw-1.0.0.tgz"
      }
    },
    "node_modules/@sinclair/typebox": {
      "version": "0.34.48",
      "resolved": "https://registry.npmjs.org/@sinclair/typebox/-/typebox-0.34.48.tgz",
      "integrity": "sha512-kKJTNuK3AQOrgjjotVxMrCn1sUJwM76wMszfq1kdU4uYVJjvEWuFQ6HgvLt4Xz3fSmZlTOxJ/Ie13KnIcWQXFA==",
      "license": "MIT"
    },
    "node_modules/tushare-openclaw": {
      "version": "1.0.0",
      "resolved": "file:../../文档/xwechat_files/wxid_x8w4m8hyofx822_62f3/msg/file/2026-03/tushare-openclaw-1.0.0.tgz",
      "integrity": "sha512-kd1XEOiJCO9lAgG8xDQXKVynxqEoMyzuiXqhBqt00GzJlJfd/BVYpgbnh4fDR7yFUIL95bti+JoymgHL9Kc6yg==",
      "license": "MIT",
      "dependencies": {
        "@sinclair/typebox": "^0.34.0"
      }
    }
  }
}
